
Microsoft Visual Studio Solution File, Format Version 12.00
Project("{FAE04EC0-301F-11D3-BF4B-00C04F79EFBC}") = "HistoryPediaV2.MVC", "HistoryPediaV2.MVC\HistoryPediaV2.MVC.csproj", "{D22836DD-D883-404D-ACEE-D321A0CCEF4D}"
EndProject
Project("{FAE04EC0-301F-11D3-BF4B-00C04F79EFBC}") = "HistoryPediaV2.Core", "HistoryPediaV2.Core\HistoryPediaV2.Core.csproj", "{847B1268-B698-43BB-812E-F9F312250522}"
EndProject
Project("{FAE04EC0-301F-11D3-BF4B-00C04F79EFBC}") = "HistoryPediaV2.Data", "HistoryPediaV2.Data\HistoryPediaV2.Data.csproj", "{6D4CD23F-4CFC-4370-9009-B970FE53E344}"
EndProject
Global
	GlobalSection(SolutionConfigurationPlatforms) = preSolution
		Debug|Any CPU = Debug|Any CPU
		Release|Any CPU = Release|Any CPU
	EndGlobalSection
	GlobalSection(ProjectConfigurationPlatforms) = postSolution
		{D22836DD-D883-404D-ACEE-D321A0CCEF4D}.Debug|Any CPU.ActiveCfg = Debug|Any CPU
		{D22836DD-D883-404D-ACEE-D321A0CCEF4D}.Debug|Any CPU.Build.0 = Debug|Any CPU
		{D22836DD-D883-404D-ACEE-D321A0CCEF4D}.Release|Any CPU.ActiveCfg = Release|Any CPU
		{D22836DD-D883-404D-ACEE-D321A0CCEF4D}.Release|Any CPU.Build.0 = Release|Any CPU
		{847B1268-B698-43BB-812E-F9F312250522}.Debug|Any CPU.ActiveCfg = Debug|Any CPU
		{847B1268-B698-43BB-812E-F9F312250522}.Debug|Any CPU.Build.0 = Debug|Any CPU
		{847B1268-B698-43BB-812E-F9F312250522}.Release|Any CPU.ActiveCfg = Release|Any CPU
		{847B1268-B698-43BB-812E-F9F312250522}.Release|Any CPU.Build.0 = Release|Any CPU
		{6D4CD23F-4CFC-4370-9009-B970FE53E344}.Debug|Any CPU.ActiveCfg = Debug|Any CPU
		{6D4CD23F-4CFC-4370-9009-B970FE53E344}.Debug|Any CPU.Build.0 = Debug|Any CPU
		{6D4CD23F-4CFC-4370-9009-B970FE53E344}.Release|Any CPU.ActiveCfg = Release|Any CPU
		{6D4CD23F-4CFC-4370-9009-B970FE53E344}.Release|Any CPU.Build.0 = Release|Any CPU
	EndGlobalSection
EndGlobal
